
Microsoft Visual Studio Solution File, Format Version 12.00
# Visual Studio Version 16
VisualStudioVersion = 16.0.29326.143
MinimumVisualStudioVersion = 10.0.40219.1
Project("{8BC9CEB8-8B4A-11D0-8D11-00A0C91BC942}") = "rmxtoskp", "rmxtoskp.vcxproj", "{8497FD79-FD7B-4F9B-85C7-AA3AAA924BF6}"
EndProject
Global
	GlobalSection(SolutionConfigurationPlatforms) = preSolution
		Debug|x64 = Debug|x64
		Debug|x86 = Debug|x86
		Release|x64 = Release|x64
		Release|x86 = Release|x86
	EndGlobalSection
	GlobalSection(ProjectConfigurationPlatforms) = postSolution
		{8497FD79-FD7B-4F9B-85C7-AA3AAA924BF6}.Debug|x64.ActiveCfg = Debug|x64
		{8497FD79-FD7B-4F9B-85C7-AA3AAA924BF6}.Debug|x64.Build.0 = Debug|x64
		{8497FD79-FD7B-4F9B-85C7-AA3AAA924BF6}.Debug|x86.ActiveCfg = Debug|Win32
		{8497FD79-FD7B-4F9B-85C7-AA3AAA924BF6}.Debug|x86.Build.0 = Debug|Win32
		{8497FD79-FD7B-4F9B-85C7-AA3AAA924BF6}.Release|x64.ActiveCfg = Release|x64
		{8497FD79-FD7B-4F9B-85C7-AA3AAA924BF6}.Release|x64.Build.0 = Release|x64
		{8497FD79-FD7B-4F9B-85C7-AA3AAA924BF6}.Release|x86.ActiveCfg = Release|Win32
		{8497FD79-FD7B-4F9B-85C7-AA3AAA924BF6}.Release|x86.Build.0 = Release|Win32
	EndGlobalSection
	GlobalSection(SolutionProperties) = preSolution
		HideSolutionNode = FALSE
	EndGlobalSection
	GlobalSection(ExtensibilityGlobals) = postSolution
		SolutionGuid = {E2439FD5-A1B2-4D27-B774-E208013D13DD}
	EndGlobalSection
EndGlobal
